// !$*UTF8*$!
{
	archiveVersion = 1;
	classes = {
	};
	objectVersion = 48;
	objects = {

/* Begin PBXBuildFile section */
		1C27EFDF1FE8303F0043EF3C /* Weapon.swift in Sources */ = {isa = PBXBuildFile; fileRef = 1C27EFDE1FE8303F0043EF3C /* Weapon.swift */; };
		1CE91D891FE81729009807D4 /* AppDelegate.swift in Sources */ = {isa = PBXBuildFile; fileRef = 1CE91D881FE81729009807D4 /* AppDelegate.swift */; };
		1CE91D8B1FE81729009807D4 /* WeaponViewController.swift in Sources */ = {isa = PBXBuildFile; fileRef = 1CE91D8A1FE81729009807D4 /* WeaponViewController.swift */; };
		1CE91D8E1FE81729009807D4 /* Main.storyboard in Resources */ = {isa = PBXBuildFile; fileRef = 1CE91D8C1FE81729009807D4 /* Main.storyboard */; };
		1CE91D901FE81729009807D4 /* Assets.xcassets in Resources */ = {isa = PBXBuildFile; fileRef = 1CE91D8F1FE81729009807D4 /* Assets.xcassets */; };
		1CE91D931FE81729009807D4 /* LaunchScreen.storyboard in Resources */ = {isa = PBXBuildFile; fileRef = 1CE91D911FE81729009807D4 /* LaunchScreen.storyboard */; };
		1CE91D9E1FE81729009807D4 /* Weapon_ManagerTests.swift in Sources */ = {isa = PBXBuildFile; fileRef = 1CE91D9D1FE81729009807D4 /* Weapon_ManagerTests.swift */; };
		1CE91DA91FE81729009807D4 /* Weapon_ManagerUITests.swift in Sources */ = {isa = PBXBuildFile; fileRef = 1CE91DA81FE81729009807D4 /* Weapon_ManagerUITests.swift */; };
		1CE91DB71FE8233D009807D4 /* weaponTableViewCell.swift in Sources */ = {isa = PBXBuildFile; fileRef = 1CE91DB61FE8233D009807D4 /* weaponTableViewCell.swift */; };
		1CE91DBB1FE82ABB009807D4 /* WeaponTableViewController.swift in Sources */ = {isa = PBXBuildFile; fileRef = 1CE91DBA1FE82ABB009807D4 /* WeaponTableViewController.swift */; };
		667F135A1FE95BBF00F3C2FE /* Destiny2API.swift in Sources */ = {isa = PBXBuildFile; fileRef = 667F13591FE95BBF00F3C2FE /* Destiny2API.swift */; };
/* End PBXBuildFile section */

/* Begin PBXContainerItemProxy section */
		1CE91D9A1FE81729009807D4 /* PBXContainerItemProxy */ = {
			isa = PBXContainerItemProxy;
			containerPortal = 1CE91D7D1FE81729009807D4 /* Project object */;
			proxyType = 1;
			remoteGlobalIDString = 1CE91D841FE81729009807D4;
			remoteInfo = "Weapon Manager";
		};
		1CE91DA51FE81729009807D4 /* PBXContainerItemProxy */ = {
			isa = PBXContainerItemProxy;
			containerPortal = 1CE91D7D1FE81729009807D4 /* Project object */;
			proxyType = 1;
			remoteGlobalIDString = 1CE91D841FE81729009807D4;
			remoteInfo = "Weapon Manager";
		};
/* End PBXContainerItemProxy section */

/* Begin PBXFileReference section */
		1C27EFDE1FE8303F0043EF3C /* Weapon.swift */ = {isa = PBXFileReference; lastKnownFileType = sourcecode.swift; path = Weapon.swift; sourceTree = "<group>"; };
		1CE91D851FE81729009807D4 /* Weapon Manager.app */ = {isa = PBXFileReference; explicitFileType = wrapper.application; includeInIndex = 0; path = "Weapon Manager.app"; sourceTree = BUILT_PRODUCTS_DIR; };
		1CE91D881FE81729009807D4 /* AppDelegate.swift */ = {isa = PBXFileReference; lastKnownFileType = sourcecode.swift; path = AppDelegate.swift; sourceTree = "<group>"; };
		1CE91D8A1FE81729009807D4 /* WeaponViewController.swift */ = {isa = PBXFileReference; lastKnownFileType = sourcecode.swift; path = WeaponViewController.swift; sourceTree = "<group>"; };
		1CE91D8D1FE81729009807D4 /* Base */ = {isa = PBXFileReference; lastKnownFileType = file.storyboard; name = Base; path = Base.lproj/Main.storyboard; sourceTree = "<group>"; };
		1CE91D8F1FE81729009807D4 /* Assets.xcassets */ = {isa = PBXFileReference; lastKnownFileType = folder.assetcatalog; path = Assets.xcassets; sourceTree = "<group>"; };
		1CE91D921FE81729009807D4 /* Base */ = {isa = PBXFileReference; lastKnownFileType = file.storyboard; name = Base; path = Base.lproj/LaunchScreen.storyboard; sourceTree = "<group>"; };
		1CE91D941FE81729009807D4 /* Info.plist */ = {isa = PBXFileReference; lastKnownFileType = text.plist.xml; path = Info.plist; sourceTree = "<group>"; };
		1CE91D991FE81729009807D4 /* Weapon ManagerTests.xctest */ = {isa = PBXFileReference; explicitFileType = wrapper.cfbundle; includeInIndex = 0; path = "Weapon ManagerTests.xctest"; sourceTree = BUILT_PRODUCTS_DIR; };
		1CE91D9D1FE81729009807D4 /* Weapon_ManagerTests.swift */ = {isa = PBXFileReference; lastKnownFileType = sourcecode.swift; path = Weapon_ManagerTests.swift; sourceTree = "<group>"; };
		1CE91D9F1FE81729009807D4 /* Info.plist */ = {isa = PBXFileReference; lastKnownFileType = text.plist.xml; path = Info.plist; sourceTree = "<group>"; };
		1CE91DA41FE81729009807D4 /* Weapon ManagerUITests.xctest */ = {isa = PBXFileReference; explicitFileType = wrapper.cfbundle; includeInIndex = 0; path = "Weapon ManagerUITests.xctest"; sourceTree = BUILT_PRODUCTS_DIR; };
		1CE91DA81FE81729009807D4 /* Weapon_ManagerUITests.swift */ = {isa = PBXFileReference; lastKnownFileType = sourcecode.swift; path = Weapon_ManagerUITests.swift; sourceTree = "<group>"; };
		1CE91DAA1FE81729009807D4 /* Info.plist */ = {isa = PBXFileReference; lastKnownFileType = text.plist.xml; path = Info.plist; sourceTree = "<group>"; };
		1CE91DB61FE8233D009807D4 /* weaponTableViewCell.swift */ = {isa = PBXFileReference; lastKnownFileType = sourcecode.swift; path = weaponTableViewCell.swift; sourceTree = "<group>"; };
		1CE91DBA1FE82ABB009807D4 /* WeaponTableViewController.swift */ = {isa = PBXFileReference; lastKnownFileType = sourcecode.swift; path = WeaponTableViewController.swift; sourceTree = "<group>"; };
		667F13591FE95BBF00F3C2FE /* Destiny2API.swift */ = {isa = PBXFileReference; fileEncoding = 4; lastKnownFileType = sourcecode.swift; path = Destiny2API.swift; sourceTree = "<group>"; };
/* End PBXFileReference section */

/* Begin PBXFrameworksBuildPhase section */
		1CE91D821FE81729009807D4 /* Frameworks */ = {
			isa = PBXFrameworksBuildPhase;
			buildActionMask = 2147483647;
			files = (
			);
			runOnlyForDeploymentPostprocessing = 0;
		};
		1CE91D961FE81729009807D4 /* Frameworks */ = {
			isa = PBXFrameworksBuildPhase;
			buildActionMask = 2147483647;
			files = (
			);
			runOnlyForDeploymentPostprocessing = 0;
		};
		1CE91DA11FE81729009807D4 /* Frameworks */ = {
			isa = PBXFrameworksBuildPhase;
			buildActionMask = 2147483647;
			files = (
			);
			runOnlyForDeploymentPostprocessing = 0;
		};
/* End PBXFrameworksBuildPhase section */

/* Begin PBXGroup section */
		1CE91D7C1FE81729009807D4 = {
			isa = PBXGroup;
			children = (
				1CE91D871FE81729009807D4 /* Weapon Manager */,
				1CE91D9C1FE81729009807D4 /* Weapon ManagerTests */,
				1CE91DA71FE81729009807D4 /* Weapon ManagerUITests */,
				1CE91D861FE81729009807D4 /* Products */,
			);
			sourceTree = "<group>";
		};
		1CE91D861FE81729009807D4 /* Products */ = {
			isa = PBXGroup;
			children = (
				1CE91D851FE81729009807D4 /* Weapon Manager.app */,
				1CE91D991FE81729009807D4 /* Weapon ManagerTests.xctest */,
				1CE91DA41FE81729009807D4 /* Weapon ManagerUITests.xctest */,
			);
			name = Products;
			sourceTree = "<group>";
		};
		1CE91D871FE81729009807D4 /* Weapon Manager */ = {
			isa = PBXGroup;
			children = (
				667F13591FE95BBF00F3C2FE /* Destiny2API.swift */,
				1C27EFDE1FE8303F0043EF3C /* Weapon.swift */,
				1CE91D881FE81729009807D4 /* AppDelegate.swift */,
				1CE91D8A1FE81729009807D4 /* WeaponViewController.swift */,
				1CE91D8C1FE81729009807D4 /* Main.storyboard */,
				1CE91D8F1FE81729009807D4 /* Assets.xcassets */,
				1CE91D911FE81729009807D4 /* LaunchScreen.storyboard */,
				1CE91D941FE81729009807D4 /* Info.plist */,
				1CE91DB61FE8233D009807D4 /* weaponTableViewCell.swift */,
				1CE91DBA1FE82ABB009807D4 /* WeaponTableViewController.swift */,
			);
			path = "Weapon Manager";
			sourceTree = "<group>";
		};
		1CE91D9C1FE81729009807D4 /* Weapon ManagerTests */ = {
			isa = PBXGroup;
			children = (
				1CE91D9D1FE81729009807D4 /* Weapon_ManagerTests.swift */,
				1CE91D9F1FE81729009807D4 /* Info.plist */,
			);
			path = "Weapon ManagerTests";
			sourceTree = "<group>";
		};
		1CE91DA71FE81729009807D4 /* Weapon ManagerUITests */ = {
			isa = PBXGroup;
			children = (
				1CE91DA81FE81729009807D4 /* Weapon_ManagerUITests.swift */,
				1CE91DAA1FE81729009807D4 /* Info.plist */,
			);
			path = "Weapon ManagerUITests";
			sourceTree = "<group>";
		};
/* End PBXGroup section */

/* Begin PBXNativeTarget section */
		1CE91D841FE81729009807D4 /* Weapon Manager */ = {
			isa = PBXNativeTarget;
			buildConfigurationList = 1CE91DAD1FE81729009807D4 /* Build configuration list for PBXNativeTarget "Weapon Manager" */;
			buildPhases = (
				1CE91D811FE81729009807D4 /* Sources */,
				1CE91D821FE81729009807D4 /* Frameworks */,
				1CE91D831FE81729009807D4 /* Resources */,
			);
			buildRules = (
			);
			dependencies = (
			);
			name = "Weapon Manager";
			productName = "Weapon Manager";
			productReference = 1CE91D851FE81729009807D4 /* Weapon Manager.app */;
			productType = "com.apple.product-type.application";
		};
		1CE91D981FE81729009807D4 /* Weapon ManagerTests */ = {
			isa = PBXNativeTarget;
			buildConfigurationList = 1CE91DB01FE81729009807D4 /* Build configuration list for PBXNativeTarget "Weapon ManagerTests" */;
			buildPhases = (
				1CE91D951FE81729009807D4 /* Sources */,
				1CE91D961FE81729009807D4 /* Frameworks */,
				1CE91D971FE81729009807D4 /* Resources */,
			);
			buildRules = (
			);
			dependencies = (
				1CE91D9B1FE81729009807D4 /* PBXTargetDependency */,
			);
			name = "Weapon ManagerTests";
			productName = "Weapon ManagerTests";
			productReference = 1CE91D991FE81729009807D4 /* Weapon ManagerTests.xctest */;
			productType = "com.apple.product-type.bundle.unit-test";
		};
		1CE91DA31FE81729009807D4 /* Weapon ManagerUITests */ = {
			isa = PBXNativeTarget;
			buildConfigurationList = 1CE91DB31FE81729009807D4 /* Build configuration list for PBXNativeTarget "Weapon ManagerUITests" */;
			buildPhases = (
				1CE91DA01FE81729009807D4 /* Sources */,
				1CE91DA11FE81729009807D4 /* Frameworks */,
				1CE91DA21FE81729009807D4 /* Resources */,
			);
			buildRules = (
			);
			dependencies = (
				1CE91DA61FE81729009807D4 /* PBXTargetDependency */,
			);
			name = "Weapon ManagerUITests";
			productName = "Weapon ManagerUITests";
			productReference = 1CE91DA41FE81729009807D4 /* Weapon ManagerUITests.xctest */;
			productType = "com.apple.product-type.bundle.ui-testing";
		};
/* End PBXNativeTarget section */

/* Begin PBXProject section */
		1CE91D7D1FE81729009807D4 /* Project object */ = {
			isa = PBXProject;
			attributes = {
				LastSwiftUpdateCheck = 0920;
				LastUpgradeCheck = 0920;
				ORGANIZATIONNAME = dan.smith;
				TargetAttributes = {
					1CE91D841FE81729009807D4 = {
						CreatedOnToolsVersion = 9.2;
						ProvisioningStyle = Automatic;
					};
					1CE91D981FE81729009807D4 = {
						CreatedOnToolsVersion = 9.2;
						ProvisioningStyle = Automatic;
						TestTargetID = 1CE91D841FE81729009807D4;
					};
					1CE91DA31FE81729009807D4 = {
						CreatedOnToolsVersion = 9.2;
						ProvisioningStyle = Automatic;
						TestTargetID = 1CE91D841FE81729009807D4;
					};
				};
			};
			buildConfigurationList = 1CE91D801FE81729009807D4 /* Build configuration list for PBXProject "Weapon Manager" */;
			compatibilityVersion = "Xcode 8.0";
			developmentRegion = en;
			hasScannedForEncodings = 0;
			knownRegions = (
				en,
				Base,
			);
			mainGroup = 1CE91D7C1FE81729009807D4;
			productRefGroup = 1CE91D861FE81729009807D4 /* Products */;
			projectDirPath = "";
			projectRoot = "";
			targets = (
				1CE91D841FE81729009807D4 /* Weapon Manager */,
				1CE91D981FE81729009807D4 /* Weapon ManagerTests */,
				1CE91DA31FE81729009807D4 /* Weapon ManagerUITests */,
			);
		};
/* End PBXProject section */

/* Begin PBXResourcesBuildPhase section */
		1CE91D831FE81729009807D4 /* Resources */ = {
			isa = PBXResourcesBuildPhase;
			buildActionMask = 2147483647;
			files = (
				1CE91D931FE81729009807D4 /* LaunchScreen.storyboard in Resources */,
				1CE91D901FE81729009807D4 /* Assets.xcassets in Resources */,
				1CE91D8E1FE81729009807D4 /* Main.storyboard in Resources */,
			);
			runOnlyForDeploymentPostprocessing = 0;
		};
		1CE91D971FE81729009807D4 /* Resources */ = {
			isa = PBXResourcesBuildPhase;
			buildActionMask = 2147483647;
			files = (
			);
			runOnlyForDeploymentPostprocessing = 0;
		};
		1CE91DA21FE81729009807D4 /* Resources */ = {
			isa = PBXResourcesBuildPhase;
			buildActionMask = 2147483647;
			files = (
			);
			runOnlyForDeploymentPostprocessing = 0;
		};
/* End PBXResourcesBuildPhase section */

/* Begin PBXSourcesBuildPhase section */
		1CE91D811FE81729009807D4 /* Sources */ = {
			isa = PBXSourcesBuildPhase;
			buildActionMask = 2147483647;
			files = (
				667F135A1FE95BBF00F3C2FE /* Destiny2API.swift in Sources */,
				1C27EFDF1FE8303F0043EF3C /* Weapon.swift in Sources */,
				1CE91D8B1FE81729009807D4 /* WeaponViewController.swift in Sources */,
				1CE91DB71FE8233D009807D4 /* weaponTableViewCell.swift in Sources */,
				1CE91D891FE81729009807D4 /* AppDelegate.swift in Sources */,
				1CE91DBB1FE82ABB009807D4 /* WeaponTableViewController.swift in Sources */,
			);
			runOnlyForDeploymentPostprocessing = 0;
		};
		1CE91D951FE81729009807D4 /* Sources */ = {
			isa = PBXSourcesBuildPhase;
			buildActionMask = 2147483647;
			files = (
				1CE91D9E1FE81729009807D4 /* Weapon_ManagerTests.swift in Sources */,
			);
			runOnlyForDeploymentPostprocessing = 0;
		};
		1CE91DA01FE81729009807D4 /* Sources */ = {
			isa = PBXSourcesBuildPhase;
			buildActionMask = 2147483647;
			files = (
				1CE91DA91FE81729009807D4 /* Weapon_ManagerUITests.swift in Sources */,
			);
			runOnlyForDeploymentPostprocessing = 0;
		};
/* End PBXSourcesBuildPhase section */

/* Begin PBXTargetDependency section */
		1CE91D9B1FE81729009807D4 /* PBXTargetDependency */ = {
			isa = PBXTargetDependency;
			target = 1CE91D841FE81729009807D4 /* Weapon Manager */;
			targetProxy = 1CE91D9A1FE81729009807D4 /* PBXContainerItemProxy */;
		};
		1CE91DA61FE81729009807D4 /* PBXTargetDependency */ = {
			isa = PBXTargetDependency;
			target = 1CE91D841FE81729009807D4 /* Weapon Manager */;
			targetProxy = 1CE91DA51FE81729009807D4 /* PBXContainerItemProxy */;
		};
/* End PBXTargetDependency section */

/* Begin PBXVariantGroup section */
		1CE91D8C1FE81729009807D4 /* Main.storyboard */ = {
			isa = PBXVariantGroup;
			children = (
				1CE91D8D1FE81729009807D4 /* Base */,
			);
			name = Main.storyboard;
			sourceTree = "<group>";
		};
		1CE91D911FE81729009807D4 /* LaunchScreen.storyboard */ = {
			isa = PBXVariantGroup;
			children = (
				1CE91D921FE81729009807D4 /* Base */,
			);
			name = LaunchScreen.storyboard;
			sourceTree = "<group>";
		};
/* End PBXVariantGroup section */

/* Begin XCBuildConfiguration section */
		1CE91DAB1FE81729009807D4 /* Debug */ = {
			isa = XCBuildConfiguration;
			buildSettings = {
				ALWAYS_SEARCH_USER_PATHS = NO;
				CLANG_ANALYZER_NONNULL = YES;
				CLANG_ANALYZER_NUMBER_OBJECT_CONVERSION = YES_AGGRESSIVE;
				CLANG_CXX_LANGUAGE_STANDARD = "gnu++14";
				CLANG_CXX_LIBRARY = "libc++";
				CLANG_ENABLE_MODULES = YES;
				CLANG_ENABLE_OBJC_ARC = YES;
				CLANG_WARN_BLOCK_CAPTURE_AUTORELEASING = YES;
				CLANG_WARN_BOOL_CONVERSION = YES;
				CLANG_WARN_COMMA = YES;
				CLANG_WARN_CONSTANT_CONVERSION = YES;
				CLANG_WARN_DIRECT_OBJC_ISA_USAGE = YES_ERROR;
				CLANG_WARN_DOCUMENTATION_COMMENTS = YES;
				CLANG_WARN_EMPTY_BODY = YES;
				CLANG_WARN_ENUM_CONVERSION = YES;
				CLANG_WARN_INFINITE_RECURSION = YES;
				CLANG_WARN_INT_CONVERSION = YES;
				CLANG_WARN_NON_LITERAL_NULL_CONVERSION = YES;
				CLANG_WARN_OBJC_LITERAL_CONVERSION = YES;
				CLANG_WARN_OBJC_ROOT_CLASS = YES_ERROR;
				CLANG_WARN_RANGE_LOOP_ANALYSIS = YES;
				CLANG_WARN_STRICT_PROTOTYPES = YES;
				CLANG_WARN_SUSPICIOUS_MOVE = YES;
				CLANG_WARN_UNGUARDED_AVAILABILITY = YES_AGGRESSIVE;
				CLANG_WARN_UNREACHABLE_CODE = YES;
				CLANG_WARN__DUPLICATE_METHOD_MATCH = YES;
				CODE_SIGN_IDENTITY = "iPhone Developer";
				COPY_PHASE_STRIP = NO;
				DEBUG_INFORMATION_FORMAT = dwarf;
				ENABLE_STRICT_OBJC_MSGSEND = YES;
				ENABLE_TESTABILITY = YES;
				GCC_C_LANGUAGE_STANDARD = gnu11;
				GCC_DYNAMIC_NO_PIC = NO;
				GCC_NO_COMMON_BLOCKS = YES;
				GCC_OPTIMIZATION_LEVEL = 0;
				GCC_PREPROCESSOR_DEFINITIONS = (
					"DEBUG=1",
					"$(inherited)",
				);
				GCC_WARN_64_TO_32_BIT_CONVERSION = YES;
				GCC_WARN_ABOUT_RETURN_TYPE = YES_ERROR;
				GCC_WARN_UNDECLARED_SELECTOR = YES;
				GCC_WARN_UNINITIALIZED_AUTOS = YES_AGGRESSIVE;
				GCC_WARN_UNUSED_FUNCTION = YES;
				GCC_WARN_UNUSED_VARIABLE = YES;
				IPHONEOS_DEPLOYMENT_TARGET = 11.2;
				MTL_ENABLE_DEBUG_INFO = YES;
				ONLY_ACTIVE_ARCH = YES;
				SDKROOT = iphoneos;
				SWIFT_ACTIVE_COMPILATION_CONDITIONS = DEBUG;
				SWIFT_OPTIMIZATION_LEVEL = "-Onone";
			};
			name = Debug;
		};
		1CE91DAC1FE81729009807D4 /* Release */ = {
			isa = XCBuildConfiguration;
			buildSettings = {
				ALWAYS_SEARCH_USER_PATHS = NO;
				CLANG_ANALYZER_NONNULL = YES;
				CLANG_ANALYZER_NUMBER_OBJECT_CONVERSION = YES_AGGRESSIVE;
				CLANG_CXX_LANGUAGE_STANDARD = "gnu++14";
				CLANG_CXX_LIBRARY = "libc++";
				CLANG_ENABLE_MODULES = YES;
				CLANG_ENABLE_OBJC_ARC = YES;
				CLANG_WARN_BLOCK_CAPTURE_AUTORELEASING = YES;
				CLANG_WARN_BOOL_CONVERSION = YES;
				CLANG_WARN_COMMA = YES;
				CLANG_WARN_CONSTANT_CONVERSION = YES;
				CLANG_WARN_DIRECT_OBJC_ISA_USAGE = YES_ERROR;
				CLANG_WARN_DOCUMENTATION_COMMENTS = YES;
				CLANG_WARN_EMPTY_BODY = YES;
				CLANG_WARN_ENUM_CONVERSION = YES;
				CLANG_WARN_INFINITE_RECURSION = YES;
				CLANG_WARN_INT_CONVERSION = YES;
				CLANG_WARN_NON_LITERAL_NULL_CONVERSION = YES;
				CLANG_WARN_OBJC_LITERAL_CONVERSION = YES;
				CLANG_WARN_OBJC_ROOT_CLASS = YES_ERROR;
				CLANG_WARN_RANGE_LOOP_ANALYSIS = YES;
				CLANG_WARN_STRICT_PROTOTYPES = YES;
				CLANG_WARN_SUSPICIOUS_MOVE = YES;
				CLANG_WARN_UNGUARDED_AVAILABILITY = YES_AGGRESSIVE;
				CLANG_WARN_UNREACHABLE_CODE = YES;
				CLANG_WARN__DUPLICATE_METHOD_MATCH = YES;
				CODE_SIGN_IDENTITY = "iPhone Developer";
				COPY_PHASE_STRIP = NO;
				DEBUG_INFORMATION_FORMAT = "dwarf-with-dsym";
				ENABLE_NS_ASSERTIONS = NO;
				ENABLE_STRICT_OBJC_MSGSEND = YES;
				GCC_C_LANGUAGE_STANDARD = gnu11;
				GCC_NO_COMMON_BLOCKS = YES;
				GCC_WARN_64_TO_32_BIT_CONVERSION = YES;
				GCC_WARN_ABOUT_RETURN_TYPE = YES_ERROR;
				GCC_WARN_UNDECLARED_SELECTOR = YES;
				GCC_WARN_UNINITIALIZED_AUTOS = YES_AGGRESSIVE;
				GCC_WARN_UNUSED_FUNCTION = YES;
				GCC_WARN_UNUSED_VARIABLE = YES;
				IPHONEOS_DEPLOYMENT_TARGET = 11.2;
				MTL_ENABLE_DEBUG_INFO = NO;
				SDKROOT = iphoneos;
				SWIFT_OPTIMIZATION_LEVEL = "-Owholemodule";
				VALIDATE_PRODUCT = YES;
			};
			name = Release;
		};
		1CE91DAE1FE81729009807D4 /* Debug */ = {
			isa = XCBuildConfiguration;
			buildSettings = {
				ASSETCATALOG_COMPILER_APPICON_NAME = AppIcon;
				CODE_SIGN_STYLE = Automatic;
				INFOPLIST_FILE = "Weapon Manager/Info.plist";
				LD_RUNPATH_SEARCH_PATHS = "$(inherited) @executable_path/Frameworks";
				PRODUCT_BUNDLE_IDENTIFIER = "dapacreative.Weapon-Manager";
				PRODUCT_NAME = "$(TARGET_NAME)";
				SWIFT_VERSION = 4.0;
				TARGETED_DEVICE_FAMILY = "1,2";
			};
			name = Debug;
		};
		1CE91DAF1FE81729009807D4 /* Release */ = {
			isa = XCBuildConfiguration;
			buildSettings = {
				ASSETCATALOG_COMPILER_APPICON_NAME = AppIcon;
				CODE_SIGN_STYLE = Automatic;
				INFOPLIST_FILE = "Weapon Manager/Info.plist";
				LD_RUNPATH_SEARCH_PATHS = "$(inherited) @executable_path/Frameworks";
				PRODUCT_BUNDLE_IDENTIFIER = "dapacreative.Weapon-Manager";
				PRODUCT_NAME = "$(TARGET_NAME)";
				SWIFT_VERSION = 4.0;
				TARGETED_DEVICE_FAMILY = "1,2";
			};
			name = Release;
		};
		1CE91DB11FE81729009807D4 /* Debug */ = {
			isa = XCBuildConfiguration;
			buildSettings = {
				ALWAYS_EMBED_SWIFT_STANDARD_LIBRARIES = YES;
				BUNDLE_LOADER = "$(TEST_HOST)";
				CODE_SIGN_STYLE = Automatic;
				INFOPLIST_FILE = "Weapon ManagerTests/Info.plist";
				LD_RUNPATH_SEARCH_PATHS = "$(inherited) @executable_path/Frameworks @loader_path/Frameworks";
				PRODUCT_BUNDLE_IDENTIFIER = "dapacreative.Weapon-ManagerTests";
				PRODUCT_NAME = "$(TARGET_NAME)";
				SWIFT_VERSION = 4.0;
				TARGETED_DEVICE_FAMILY = "1,2";
				TEST_HOST = "$(BUILT_PRODUCTS_DIR)/Weapon Manager.app/Weapon Manager";
			};
			name = Debug;
		};
		1CE91DB21FE81729009807D4 /* Release */ = {
			isa = XCBuildConfiguration;
			buildSettings = {
				ALWAYS_EMBED_SWIFT_STANDARD_LIBRARIES = YES;
				BUNDLE_LOADER = "$(TEST_HOST)";
				CODE_SIGN_STYLE = Automatic;
				INFOPLIST_FILE = "Weapon ManagerTests/Info.plist";
				LD_RUNPATH_SEARCH_PATHS = "$(inherited) @executable_path/Frameworks @loader_path/Frameworks";
				PRODUCT_BUNDLE_IDENTIFIER = "dapacreative.Weapon-ManagerTests";
				PRODUCT_NAME = "$(TARGET_NAME)";
				SWIFT_VERSION = 4.0;
				TARGETED_DEVICE_FAMILY = "1,2";
				TEST_HOST = "$(BUILT_PRODUCTS_DIR)/Weapon Manager.app/Weapon Manager";
			};
			name = Release;
		};
		1CE91DB41FE81729009807D4 /* Debug */ = {
			isa = XCBuildConfiguration;
			buildSettings = {
				ALWAYS_EMBED_SWIFT_STANDARD_LIBRARIES = YES;
				CODE_SIGN_STYLE = Automatic;
				INFOPLIST_FILE = "Weapon ManagerUITests/Info.plist";
				LD_RUNPATH_SEARCH_PATHS = "$(inherited) @executable_path/Frameworks @loader_path/Frameworks";
				PRODUCT_BUNDLE_IDENTIFIER = "dapacreative.Weapon-ManagerUITests";
				PRODUCT_NAME = "$(TARGET_NAME)";
				SWIFT_VERSION = 4.0;
				TARGETED_DEVICE_FAMILY = "1,2";
				TEST_TARGET_NAME = "Weapon Manager";
			};
			name = Debug;
		};
		1CE91DB51FE81729009807D4 /* Release */ = {
			isa = XCBuildConfiguration;
			buildSettings = {
				ALWAYS_EMBED_SWIFT_STANDARD_LIBRARIES = YES;
				CODE_SIGN_STYLE = Automatic;
				INFOPLIST_FILE = "Weapon ManagerUITests/Info.plist";
				LD_RUNPATH_SEARCH_PATHS = "$(inherited) @executable_path/Frameworks @loader_path/Frameworks";
				PRODUCT_BUNDLE_IDENTIFIER = "dapacreative.Weapon-ManagerUITests";
				PRODUCT_NAME = "$(TARGET_NAME)";
				SWIFT_VERSION = 4.0;
				TARGETED_DEVICE_FAMILY = "1,2";
				TEST_TARGET_NAME = "Weapon Manager";
			};
			name = Release;
		};
/* End XCBuildConfiguration section */

/* Begin XCConfigurationList section */
		1CE91D801FE81729009807D4 /* Build configuration list for PBXProject "Weapon Manager" */ = {
			isa = XCConfigurationList;
			buildConfigurations = (
				1CE91DAB1FE81729009807D4 /* Debug */,
				1CE91DAC1FE81729009807D4 /* Release */,
			);
			defaultConfigurationIsVisible = 0;
			defaultConfigurationName = Release;
		};
		1CE91DAD1FE81729009807D4 /* Build configuration list for PBXNativeTarget "Weapon Manager" */ = {
			isa = XCConfigurationList;
			buildConfigurations = (
				1CE91DAE1FE81729009807D4 /* Debug */,
				1CE91DAF1FE81729009807D4 /* Release */,
			);
			defaultConfigurationIsVisible = 0;
			defaultConfigurationName = Release;
		};
		1CE91DB01FE81729009807D4 /* Build configuration list for PBXNativeTarget "Weapon ManagerTests" */ = {
			isa = XCConfigurationList;
			buildConfigurations = (
				1CE91DB11FE81729009807D4 /* Debug */,
				1CE91DB21FE81729009807D4 /* Release */,
			);
			defaultConfigurationIsVisible = 0;
			defaultConfigurationName = Release;
		};
		1CE91DB31FE81729009807D4 /* Build configuration list for PBXNativeTarget "Weapon ManagerUITests" */ = {
			isa = XCConfigurationList;
			buildConfigurations = (
				1CE91DB41FE81729009807D4 /* Debug */,
				1CE91DB51FE81729009807D4 /* Release */,
			);
			defaultConfigurationIsVisible = 0;
			defaultConfigurationName = Release;
		};
/* End XCConfigurationList section */
	};
	rootObject = 1CE91D7D1FE81729009807D4 /* Project object */;
}
